
Microsoft Visual Studio Solution File, Format Version 12.00
# Visual Studio Version 17
VisualStudioVersion = 17.5.33627.172
MinimumVisualStudioVersion = 10.0.40219.1
Project("{FAE04EC0-301F-11D3-BF4B-00C04F79EFBC}") = "Elastic.API", "Elastic.API\Elastic.API.csproj", "{5FE112E5-3A5E-4108-8737-4157FEDDFD8F}"
EndProject
Global
	GlobalSection(SolutionConfigurationPlatforms) = preSolution
		Debug|Any CPU = Debug|Any CPU
		Release|Any CPU = Release|Any CPU
	EndGlobalSection
	GlobalSection(ProjectConfigurationPlatforms) = postSolution
		{5FE112E5-3A5E-4108-8737-4157FEDDFD8F}.Debug|Any CPU.ActiveCfg = Debug|Any CPU
		{5FE112E5-3A5E-4108-8737-4157FEDDFD8F}.Debug|Any CPU.Build.0 = Debug|Any CPU
		{5FE112E5-3A5E-4108-8737-4157FEDDFD8F}.Release|Any CPU.ActiveCfg = Release|Any CPU
		{5FE112E5-3A5E-4108-8737-4157FEDDFD8F}.Release|Any CPU.Build.0 = Release|Any CPU
	EndGlobalSection
	GlobalSection(SolutionProperties) = preSolution
		HideSolutionNode = FALSE
	EndGlobalSection
	GlobalSection(ExtensibilityGlobals) = postSolution
		SolutionGuid = {F2E55744-B083-48A6-9572-993DC538B559}
	EndGlobalSection
EndGlobal
